{
  "version": 4,
  "terraform_version": "1.2.1",
  "serial": 85,
  "lineage": "9b738f94-1def-ebf7-86aa-02febe9b4d9c",
  "outputs": {},
  "resources": [
    {
      "mode": "data",
      "type": "archive_file",
      "name": "zip_the_python_code",
      "provider": "provider[\"registry.terraform.io/hashicorp/archive\"]",
      "instances": [
        {
          "schema_version": 0,
          "attributes": {
            "excludes": null,
            "id": "80c414b5b46c2bcaaa870a3abcb761b40f353d3b",
            "output_base64sha256": "3g5Hs6jUdB7tjVYkYi9obhv/4GNih0ab3DrtGXXwYh0=",
            "output_file_mode": null,
            "output_md5": "786223034bfeb5ba8818b8273f23adfe",
            "output_path": "/Users/ojiakuboss/Documents/TerraformGuru/pyguy/lambda_function.zip",
            "output_sha": "80c414b5b46c2bcaaa870a3abcb761b40f353d3b",
            "output_size": 157,
            "source": [],
            "source_content": null,
            "source_content_filename": null,
            "source_dir": "/Users/ojiakuboss/Documents/TerraformGuru/pyguy",
            "source_file": null,
            "type": "zip"
          },
          "sensitive_attributes": []
        }
      ]
    },
    {
      "mode": "managed",
      "type": "aws_api_gateway_rest_api",
      "name": "mbu",
      "provider": "provider[\"registry.terraform.io/hashicorp/aws\"]",
      "instances": [
        {
          "schema_version": 0,
          "attributes": {
            "api_key_source": "HEADER",
            "arn": "arn:aws:apigateway:us-east-1::/restapis/x9r7lt1qmd",
            "binary_media_types": [],
            "body": "{\"info\":{\"title\":\"mbu\",\"version\":\"1.0\"},\"openapi\":\"3.0.1\",\"paths\":{\"/path1\":{\"get\":{\"x-amazon-apigateway-integration\":{\"httpMethod\":\"GET\",\"payloadFormatVersion\":\"1.0\",\"type\":\"HTTP_PROXY\",\"uri\":\"https://ip-ranges.amazonaws.com/ip-ranges.json\"}}}}}",
            "created_date": "2022-06-14T18:20:44Z",
            "description": "",
            "disable_execute_api_endpoint": false,
            "endpoint_configuration": [
              {
                "types": [
                  "REGIONAL"
                ],
                "vpc_endpoint_ids": []
              }
            ],
            "execution_arn": "arn:aws:execute-api:us-east-1:085583328641:x9r7lt1qmd",
            "id": "x9r7lt1qmd",
            "minimum_compression_size": -1,
            "name": "mbu",
            "parameters": null,
            "policy": "",
            "root_resource_id": "b6k8uk6hg2",
            "tags": {},
            "tags_all": {}
          },
          "sensitive_attributes": [],
          "private": "bnVsbA=="
        }
      ]
    },
    {
      "mode": "managed",
      "type": "aws_dynamodb_table",
      "name": "products",
      "provider": "provider[\"registry.terraform.io/hashicorp/aws\"]",
      "instances": [
        {
          "schema_version": 1,
          "attributes": {
            "arn": "arn:aws:dynamodb:us-east-1:085583328641:table/products",
            "attribute": [
              {
                "name": "region",
                "type": "S"
              }
            ],
            "billing_mode": "PROVISIONED",
            "global_secondary_index": [],
            "hash_key": "region",
            "id": "products",
            "local_secondary_index": [],
            "name": "products",
            "point_in_time_recovery": [
              {
                "enabled": false
              }
            ],
            "range_key": null,
            "read_capacity": 1,
            "replica": [],
            "restore_date_time": null,
            "restore_source_name": null,
            "restore_to_latest_time": null,
            "server_side_encryption": [],
            "stream_arn": "",
            "stream_enabled": false,
            "stream_label": "",
            "stream_view_type": "",
            "table_class": "",
            "tags": {},
            "tags_all": {},
            "timeouts": null,
            "ttl": [
              {
                "attribute_name": "",
                "enabled": false
              }
            ],
            "write_capacity": 1
          },
          "sensitive_attributes": [],
          "private": "eyJlMmJmYjczMC1lY2FhLTExZTYtOGY4OC0zNDM2M2JjN2M0YzAiOnsiY3JlYXRlIjoxODAwMDAwMDAwMDAwLCJkZWxldGUiOjYwMDAwMDAwMDAwMCwidXBkYXRlIjozNjAwMDAwMDAwMDAwfSwic2NoZW1hX3ZlcnNpb24iOiIxIn0="
        }
      ]
    },
    {
      "mode": "managed",
      "type": "aws_dynamodb_table_item",
      "name": "item1",
      "provider": "provider[\"registry.terraform.io/hashicorp/aws\"]",
      "instances": [
        {
          "schema_version": 0,
          "attributes": {
            "hash_key": "region",
            "id": "products|region||us|",
            "item": "{\n  \"region\": {\"S\": \"us\"},\n  \"product_name\": {\"S\": \"jeans_type_1\"},\n  \"id\": {\"S\": \"481ee6ce-\"}\n}\n",
            "range_key": null,
            "table_name": "products"
          },
          "sensitive_attributes": [],
          "private": "bnVsbA==",
          "dependencies": [
            "aws_dynamodb_table.products"
          ]
        }
      ]
    },
    {
      "mode": "managed",
      "type": "aws_dynamodb_table_item",
      "name": "item2",
      "provider": "provider[\"registry.terraform.io/hashicorp/aws\"]",
      "instances": [
        {
          "schema_version": 0,
          "attributes": {
            "hash_key": "region",
            "id": "products|region||eur|",
            "item": "{\n  \"region\": {\"S\": \"eur\"},\n  \"product_name\": {\"S\": \"jacket_type_2\"},\n  \"id\": {\"S\": \"26279956-\"}\n}\n",
            "range_key": null,
            "table_name": "products"
          },
          "sensitive_attributes": [],
          "private": "bnVsbA==",
          "dependencies": [
            "aws_dynamodb_table.products"
          ]
        }
      ]
    },
    {
      "mode": "managed",
      "type": "aws_dynamodb_table_item",
      "name": "item3",
      "provider": "provider[\"registry.terraform.io/hashicorp/aws\"]",
      "instances": [
        {
          "schema_version": 0,
          "attributes": {
            "hash_key": "region",
            "id": "products|region||apac|",
            "item": "{\n  \"region\": {\"S\": \"apac\"},\n  \"product_name\": {\"S\": \"shirt_type_3\"},\n  \"id\": {\"S\": \"534rrt58-\"}\n}\n",
            "range_key": null,
            "table_name": "products"
          },
          "sensitive_attributes": [],
          "private": "bnVsbA==",
          "dependencies": [
            "aws_dynamodb_table.products"
          ]
        }
      ]
    },
    {
      "mode": "managed",
      "type": "aws_iam_policy",
      "name": "iam_policy_for_lambda",
      "provider": "provider[\"registry.terraform.io/hashicorp/aws\"]",
      "instances": [
        {
          "schema_version": 0,
          "attributes": {
            "arn": "arn:aws:iam::085583328641:policy/aws_iam_policy_for_terraform_aws_lambda_role",
            "description": "AWS IAM Policy for managing aws lambda role",
            "id": "arn:aws:iam::085583328641:policy/aws_iam_policy_for_terraform_aws_lambda_role",
            "name": "aws_iam_policy_for_terraform_aws_lambda_role",
            "name_prefix": null,
            "path": "/",
            "policy": "{\"Statement\":[{\"Action\":[\"logs:CreateLogGroup\",\"logs:CreateLogStream\",\"logs:PutLogEvents\"],\"Effect\":\"Allow\",\"Resource\":\"arn:aws:logs:*:*:*\"}],\"Version\":\"2012-10-17\"}",
            "policy_id": "ANPARH3JJ6WA63SQEKPBG",
            "tags": {},
            "tags_all": {}
          },
          "sensitive_attributes": [],
          "private": "bnVsbA=="
        }
      ]
    },
    {
      "mode": "managed",
      "type": "aws_iam_role",
      "name": "iam_for_lambda",
      "provider": "provider[\"registry.terraform.io/hashicorp/aws\"]",
      "instances": [
        {
          "schema_version": 0,
          "attributes": {
            "arn": "arn:aws:iam::085583328641:role/iam_for_lambda",
            "assume_role_policy": "{\"Version\":\"2012-10-17\",\"Statement\":[{\"Sid\":\"\",\"Effect\":\"Allow\",\"Principal\":{\"Service\":\"lambda.amazonaws.com\"},\"Action\":\"sts:AssumeRole\"}]}",
            "create_date": "2022-06-14T18:20:44Z",
            "description": "",
            "force_detach_policies": false,
            "id": "iam_for_lambda",
            "inline_policy": [
              {
                "name": "",
                "policy": ""
              }
            ],
            "managed_policy_arns": [
              "arn:aws:iam::085583328641:policy/aws_iam_policy_for_terraform_aws_lambda_role"
            ],
            "max_session_duration": 3600,
            "name": "iam_for_lambda",
            "name_prefix": "",
            "path": "/",
            "permissions_boundary": null,
            "tags": {},
            "tags_all": {},
            "unique_id": "AROARH3JJ6WAUBB7Y7S54"
          },
          "sensitive_attributes": [],
          "private": "bnVsbA=="
        }
      ]
    },
    {
      "mode": "managed",
      "type": "aws_iam_role_policy_attachment",
      "name": "attach_iam_policy_to_iam_role",
      "provider": "provider[\"registry.terraform.io/hashicorp/aws\"]",
      "instances": [
        {
          "schema_version": 0,
          "attributes": {
            "id": "iam_for_lambda-20220614182047041600000001",
            "policy_arn": "arn:aws:iam::085583328641:policy/aws_iam_policy_for_terraform_aws_lambda_role",
            "role": "iam_for_lambda"
          },
          "sensitive_attributes": [],
          "private": "bnVsbA==",
          "dependencies": [
            "aws_iam_policy.iam_policy_for_lambda",
            "aws_iam_role.iam_for_lambda"
          ]
        }
      ]
    }
  ]
}
